# THIS IS AN AUTOGENERATED FILE. DO NOT EDIT THIS FILE DIRECTLY.
# yarn lockfile v1


sal.js@^0.8.1:
  version "0.8.1"
  resolved "https://registry.yarnpkg.com/sal.js/-/sal.js-0.8.1.tgz#048da283fe24170061287785c9757ae368f04b8b"
  integrity sha512-/4xIjWtFgPRf7WgO2cI4L1jE1O5MKgZmLjF1AJxvLV4QnB29585ocyv1atjOGnhV+seD4O7oOWJo6DvgJSKz4g==
